// !$*UTF8*$!
{
	archiveVersion = 1;
	classes = {
	};
	objectVersion = 50;
	objects = {

/* Begin PBXBuildFile section */
		FAAA6071258694D700EAACF6 /* AppDelegate.swift in Sources */ = {isa = PBXBuildFile; fileRef = FAAA6070258694D700EAACF6 /* AppDelegate.swift */; };
		FAAA6073258694D700EAACF6 /* SceneDelegate.swift in Sources */ = {isa = PBXBuildFile; fileRef = FAAA6072258694D700EAACF6 /* SceneDelegate.swift */; };
		FAAA6075258694D700EAACF6 /* ViewController.swift in Sources */ = {isa = PBXBuildFile; fileRef = FAAA6074258694D700EAACF6 /* ViewController.swift */; };
		FAAA6078258694D700EAACF6 /* Main.storyboard in Resources */ = {isa = PBXBuildFile; fileRef = FAAA6076258694D700EAACF6 /* Main.storyboard */; };
		FAAA607A258694E200EAACF6 /* Assets.xcassets in Resources */ = {isa = PBXBuildFile; fileRef = FAAA6079258694E200EAACF6 /* Assets.xcassets */; };
		FAAA607D258694E200EAACF6 /* LaunchScreen.storyboard in Resources */ = {isa = PBXBuildFile; fileRef = FAAA607B258694E200EAACF6 /* LaunchScreen.storyboard */; };
		FAAA608625878CFF00EAACF6 /* OfferTableViewController.swift in Sources */ = {isa = PBXBuildFile; fileRef = FAAA608525878CFF00EAACF6 /* OfferTableViewController.swift */; };
		FAEB23F62587906800E76CF0 /* OfferTableViewCell.swift in Sources */ = {isa = PBXBuildFile; fileRef = FAEB23F52587906800E76CF0 /* OfferTableViewCell.swift */; };
		FAEB23FB2587CD3900E76CF0 /* Offer.swift in Sources */ = {isa = PBXBuildFile; fileRef = FAEB23FA2587CD3900E76CF0 /* Offer.swift */; };
		FAEB23FE2587CD5000E76CF0 /* OfferGroup.swift in Sources */ = {isa = PBXBuildFile; fileRef = FAEB23FD2587CD5000E76CF0 /* OfferGroup.swift */; };
		FAEB24022587CDAE00E76CF0 /* OfferProvider.swift in Sources */ = {isa = PBXBuildFile; fileRef = FAEB24012587CDAE00E76CF0 /* OfferProvider.swift */; };
		FAEB24082587EED500E76CF0 /* DataRequester.swift in Sources */ = {isa = PBXBuildFile; fileRef = FAEB24072587EED400E76CF0 /* DataRequester.swift */; };
		FAEB240D2587F4A200E76CF0 /* OffersResponse.swift in Sources */ = {isa = PBXBuildFile; fileRef = FAEB240C2587F4A200E76CF0 /* OffersResponse.swift */; };
/* End PBXBuildFile section */

/* Begin PBXFileReference section */
		FAAA606D258694D700EAACF6 /* ProductDemo.app */ = {isa = PBXFileReference; explicitFileType = wrapper.application; includeInIndex = 0; path = ProductDemo.app; sourceTree = BUILT_PRODUCTS_DIR; };
		FAAA6070258694D700EAACF6 /* AppDelegate.swift */ = {isa = PBXFileReference; lastKnownFileType = sourcecode.swift; path = AppDelegate.swift; sourceTree = "<group>"; };
		FAAA6072258694D700EAACF6 /* SceneDelegate.swift */ = {isa = PBXFileReference; lastKnownFileType = sourcecode.swift; path = SceneDelegate.swift; sourceTree = "<group>"; };
		FAAA6074258694D700EAACF6 /* ViewController.swift */ = {isa = PBXFileReference; lastKnownFileType = sourcecode.swift; path = ViewController.swift; sourceTree = "<group>"; };
		FAAA6077258694D700EAACF6 /* Base */ = {isa = PBXFileReference; lastKnownFileType = file.storyboard; name = Base; path = Base.lproj/Main.storyboard; sourceTree = "<group>"; };
		FAAA6079258694E200EAACF6 /* Assets.xcassets */ = {isa = PBXFileReference; lastKnownFileType = folder.assetcatalog; path = Assets.xcassets; sourceTree = "<group>"; };
		FAAA607C258694E200EAACF6 /* Base */ = {isa = PBXFileReference; lastKnownFileType = file.storyboard; name = Base; path = Base.lproj/LaunchScreen.storyboard; sourceTree = "<group>"; };
		FAAA607E258694E200EAACF6 /* Info.plist */ = {isa = PBXFileReference; lastKnownFileType = text.plist.xml; path = Info.plist; sourceTree = "<group>"; };
		FAAA608525878CFF00EAACF6 /* OfferTableViewController.swift */ = {isa = PBXFileReference; lastKnownFileType = sourcecode.swift; path = OfferTableViewController.swift; sourceTree = "<group>"; };
		FAEB23F52587906800E76CF0 /* OfferTableViewCell.swift */ = {isa = PBXFileReference; lastKnownFileType = sourcecode.swift; path = OfferTableViewCell.swift; sourceTree = "<group>"; };
		FAEB23FA2587CD3900E76CF0 /* Offer.swift */ = {isa = PBXFileReference; lastKnownFileType = sourcecode.swift; path = Offer.swift; sourceTree = "<group>"; };
		FAEB23FD2587CD5000E76CF0 /* OfferGroup.swift */ = {isa = PBXFileReference; lastKnownFileType = sourcecode.swift; path = OfferGroup.swift; sourceTree = "<group>"; };
		FAEB24012587CDAE00E76CF0 /* OfferProvider.swift */ = {isa = PBXFileReference; lastKnownFileType = sourcecode.swift; path = OfferProvider.swift; sourceTree = "<group>"; };
		FAEB24072587EED400E76CF0 /* DataRequester.swift */ = {isa = PBXFileReference; lastKnownFileType = sourcecode.swift; path = DataRequester.swift; sourceTree = "<group>"; };
		FAEB240C2587F4A200E76CF0 /* OffersResponse.swift */ = {isa = PBXFileReference; lastKnownFileType = sourcecode.swift; path = OffersResponse.swift; sourceTree = "<group>"; };
/* End PBXFileReference section */

/* Begin PBXFrameworksBuildPhase section */
		FAAA606A258694D700EAACF6 /* Frameworks */ = {
			isa = PBXFrameworksBuildPhase;
			buildActionMask = 2147483647;
			files = (
			);
			runOnlyForDeploymentPostprocessing = 0;
		};
/* End PBXFrameworksBuildPhase section */

/* Begin PBXGroup section */
		FAAA6064258694D700EAACF6 = {
			isa = PBXGroup;
			children = (
				FAAA606F258694D700EAACF6 /* ProductDemo */,
				FAAA606E258694D700EAACF6 /* Products */,
			);
			sourceTree = "<group>";
		};
		FAAA606E258694D700EAACF6 /* Products */ = {
			isa = PBXGroup;
			children = (
				FAAA606D258694D700EAACF6 /* ProductDemo.app */,
			);
			name = Products;
			sourceTree = "<group>";
		};
		FAAA606F258694D700EAACF6 /* ProductDemo */ = {
			isa = PBXGroup;
			children = (
				FAAA6070258694D700EAACF6 /* AppDelegate.swift */,
				FAAA6072258694D700EAACF6 /* SceneDelegate.swift */,
				FAAA6074258694D700EAACF6 /* ViewController.swift */,
				FAAA608525878CFF00EAACF6 /* OfferTableViewController.swift */,
				FAEB24042587CE3900E76CF0 /* View */,
				FAEB24002587CD9600E76CF0 /* Interactor */,
				FAEB23F92587CD2700E76CF0 /* Entity */,
				FAAA6076258694D700EAACF6 /* Main.storyboard */,
				FAAA6079258694E200EAACF6 /* Assets.xcassets */,
				FAAA607B258694E200EAACF6 /* LaunchScreen.storyboard */,
				FAAA607E258694E200EAACF6 /* Info.plist */,
			);
			path = ProductDemo;
			sourceTree = "<group>";
		};
		FAEB23F92587CD2700E76CF0 /* Entity */ = {
			isa = PBXGroup;
			children = (
				FAEB23FA2587CD3900E76CF0 /* Offer.swift */,
				FAEB23FD2587CD5000E76CF0 /* OfferGroup.swift */,
				FAEB240B2587F49600E76CF0 /* NetworkingResponse */,
			);
			path = Entity;
			sourceTree = "<group>";
		};
		FAEB24002587CD9600E76CF0 /* Interactor */ = {
			isa = PBXGroup;
			children = (
				FAEB24012587CDAE00E76CF0 /* OfferProvider.swift */,
				FAEB24072587EED400E76CF0 /* DataRequester.swift */,
			);
			path = Interactor;
			sourceTree = "<group>";
		};
		FAEB24042587CE3900E76CF0 /* View */ = {
			isa = PBXGroup;
			children = (
				FAEB23F52587906800E76CF0 /* OfferTableViewCell.swift */,
			);
			path = View;
			sourceTree = "<group>";
		};
		FAEB240B2587F49600E76CF0 /* NetworkingResponse */ = {
			isa = PBXGroup;
			children = (
				FAEB240C2587F4A200E76CF0 /* OffersResponse.swift */,
			);
			path = NetworkingResponse;
			sourceTree = "<group>";
		};
/* End PBXGroup section */

/* Begin PBXNativeTarget section */
		FAAA606C258694D700EAACF6 /* ProductDemo */ = {
			isa = PBXNativeTarget;
			buildConfigurationList = FAAA6081258694E200EAACF6 /* Build configuration list for PBXNativeTarget "ProductDemo" */;
			buildPhases = (
				FAAA6069258694D700EAACF6 /* Sources */,
				FAAA606A258694D700EAACF6 /* Frameworks */,
				FAAA606B258694D700EAACF6 /* Resources */,
			);
			buildRules = (
			);
			dependencies = (
			);
			name = ProductDemo;
			productName = ProductDemo;
			productReference = FAAA606D258694D700EAACF6 /* ProductDemo.app */;
			productType = "com.apple.product-type.application";
		};
/* End PBXNativeTarget section */

/* Begin PBXProject section */
		FAAA6065258694D700EAACF6 /* Project object */ = {
			isa = PBXProject;
			attributes = {
				LastSwiftUpdateCheck = 1220;
				LastUpgradeCheck = 1220;
				TargetAttributes = {
					FAAA606C258694D700EAACF6 = {
						CreatedOnToolsVersion = 12.2;
					};
				};
			};
			buildConfigurationList = FAAA6068258694D700EAACF6 /* Build configuration list for PBXProject "ProductDemo" */;
			compatibilityVersion = "Xcode 9.3";
			developmentRegion = en;
			hasScannedForEncodings = 0;
			knownRegions = (
				en,
				Base,
			);
			mainGroup = FAAA6064258694D700EAACF6;
			productRefGroup = FAAA606E258694D700EAACF6 /* Products */;
			projectDirPath = "";
			projectRoot = "";
			targets = (
				FAAA606C258694D700EAACF6 /* ProductDemo */,
			);
		};
/* End PBXProject section */

/* Begin PBXResourcesBuildPhase section */
		FAAA606B258694D700EAACF6 /* Resources */ = {
			isa = PBXResourcesBuildPhase;
			buildActionMask = 2147483647;
			files = (
				FAAA607D258694E200EAACF6 /* LaunchScreen.storyboard in Resources */,
				FAAA607A258694E200EAACF6 /* Assets.xcassets in Resources */,
				FAAA6078258694D700EAACF6 /* Main.storyboard in Resources */,
			);
			runOnlyForDeploymentPostprocessing = 0;
		};
/* End PBXResourcesBuildPhase section */

/* Begin PBXSourcesBuildPhase section */
		FAAA6069258694D700EAACF6 /* Sources */ = {
			isa = PBXSourcesBuildPhase;
			buildActionMask = 2147483647;
			files = (
				FAEB23FB2587CD3900E76CF0 /* Offer.swift in Sources */,
				FAEB240D2587F4A200E76CF0 /* OffersResponse.swift in Sources */,
				FAAA6075258694D700EAACF6 /* ViewController.swift in Sources */,
				FAEB23F62587906800E76CF0 /* OfferTableViewCell.swift in Sources */,
				FAEB24022587CDAE00E76CF0 /* OfferProvider.swift in Sources */,
				FAAA6071258694D700EAACF6 /* AppDelegate.swift in Sources */,
				FAEB24082587EED500E76CF0 /* DataRequester.swift in Sources */,
				FAAA608625878CFF00EAACF6 /* OfferTableViewController.swift in Sources */,
				FAEB23FE2587CD5000E76CF0 /* OfferGroup.swift in Sources */,
				FAAA6073258694D700EAACF6 /* SceneDelegate.swift in Sources */,
			);
			runOnlyForDeploymentPostprocessing = 0;
		};
/* End PBXSourcesBuildPhase section */

/* Begin PBXVariantGroup section */
		FAAA6076258694D700EAACF6 /* Main.storyboard */ = {
			isa = PBXVariantGroup;
			children = (
				FAAA6077258694D700EAACF6 /* Base */,
			);
			name = Main.storyboard;
			sourceTree = "<group>";
		};
		FAAA607B258694E200EAACF6 /* LaunchScreen.storyboard */ = {
			isa = PBXVariantGroup;
			children = (
				FAAA607C258694E200EAACF6 /* Base */,
			);
			name = LaunchScreen.storyboard;
			sourceTree = "<group>";
		};
/* End PBXVariantGroup section */

/* Begin XCBuildConfiguration section */
		FAAA607F258694E200EAACF6 /* Debug */ = {
			isa = XCBuildConfiguration;
			buildSettings = {
				ALWAYS_SEARCH_USER_PATHS = NO;
				CLANG_ANALYZER_NONNULL = YES;
				CLANG_ANALYZER_NUMBER_OBJECT_CONVERSION = YES_AGGRESSIVE;
				CLANG_CXX_LANGUAGE_STANDARD = "gnu++14";
				CLANG_CXX_LIBRARY = "libc++";
				CLANG_ENABLE_MODULES = YES;
				CLANG_ENABLE_OBJC_ARC = YES;
				CLANG_ENABLE_OBJC_WEAK = YES;
				CLANG_WARN_BLOCK_CAPTURE_AUTORELEASING = YES;
				CLANG_WARN_BOOL_CONVERSION = YES;
				CLANG_WARN_COMMA = YES;
				CLANG_WARN_CONSTANT_CONVERSION = YES;
				CLANG_WARN_DEPRECATED_OBJC_IMPLEMENTATIONS = YES;
				CLANG_WARN_DIRECT_OBJC_ISA_USAGE = YES_ERROR;
				CLANG_WARN_DOCUMENTATION_COMMENTS = YES;
				CLANG_WARN_EMPTY_BODY = YES;
				CLANG_WARN_ENUM_CONVERSION = YES;
				CLANG_WARN_INFINITE_RECURSION = YES;
				CLANG_WARN_INT_CONVERSION = YES;
				CLANG_WARN_NON_LITERAL_NULL_CONVERSION = YES;
				CLANG_WARN_OBJC_IMPLICIT_RETAIN_SELF = YES;
				CLANG_WARN_OBJC_LITERAL_CONVERSION = YES;
				CLANG_WARN_OBJC_ROOT_CLASS = YES_ERROR;
				CLANG_WARN_QUOTED_INCLUDE_IN_FRAMEWORK_HEADER = YES;
				CLANG_WARN_RANGE_LOOP_ANALYSIS = YES;
				CLANG_WARN_STRICT_PROTOTYPES = YES;
				CLANG_WARN_SUSPICIOUS_MOVE = YES;
				CLANG_WARN_UNGUARDED_AVAILABILITY = YES_AGGRESSIVE;
				CLANG_WARN_UNREACHABLE_CODE = YES;
				CLANG_WARN__DUPLICATE_METHOD_MATCH = YES;
				COPY_PHASE_STRIP = NO;
				DEBUG_INFORMATION_FORMAT = dwarf;
				ENABLE_STRICT_OBJC_MSGSEND = YES;
				ENABLE_TESTABILITY = YES;
				GCC_C_LANGUAGE_STANDARD = gnu11;
				GCC_DYNAMIC_NO_PIC = NO;
				GCC_NO_COMMON_BLOCKS = YES;
				GCC_OPTIMIZATION_LEVEL = 0;
				GCC_PREPROCESSOR_DEFINITIONS = (
					"DEBUG=1",
					"$(inherited)",
				);
				GCC_WARN_64_TO_32_BIT_CONVERSION = YES;
				GCC_WARN_ABOUT_RETURN_TYPE = YES_ERROR;
				GCC_WARN_UNDECLARED_SELECTOR = YES;
				GCC_WARN_UNINITIALIZED_AUTOS = YES_AGGRESSIVE;
				GCC_WARN_UNUSED_FUNCTION = YES;
				GCC_WARN_UNUSED_VARIABLE = YES;
				IPHONEOS_DEPLOYMENT_TARGET = 14.2;
				MTL_ENABLE_DEBUG_INFO = INCLUDE_SOURCE;
				MTL_FAST_MATH = YES;
				ONLY_ACTIVE_ARCH = YES;
				SDKROOT = iphoneos;
				SWIFT_ACTIVE_COMPILATION_CONDITIONS = DEBUG;
				SWIFT_OPTIMIZATION_LEVEL = "-Onone";
			};
			name = Debug;
		};
		FAAA6080258694E200EAACF6 /* Release */ = {
			isa = XCBuildConfiguration;
			buildSettings = {
				ALWAYS_SEARCH_USER_PATHS = NO;
				CLANG_ANALYZER_NONNULL = YES;
				CLANG_ANALYZER_NUMBER_OBJECT_CONVERSION = YES_AGGRESSIVE;
				CLANG_CXX_LANGUAGE_STANDARD = "gnu++14";
				CLANG_CXX_LIBRARY = "libc++";
				CLANG_ENABLE_MODULES = YES;
				CLANG_ENABLE_OBJC_ARC = YES;
				CLANG_ENABLE_OBJC_WEAK = YES;
				CLANG_WARN_BLOCK_CAPTURE_AUTORELEASING = YES;
				CLANG_WARN_BOOL_CONVERSION = YES;
				CLANG_WARN_COMMA = YES;
				CLANG_WARN_CONSTANT_CONVERSION = YES;
				CLANG_WARN_DEPRECATED_OBJC_IMPLEMENTATIONS = YES;
				CLANG_WARN_DIRECT_OBJC_ISA_USAGE = YES_ERROR;
				CLANG_WARN_DOCUMENTATION_COMMENTS = YES;
				CLANG_WARN_EMPTY_BODY = YES;
				CLANG_WARN_ENUM_CONVERSION = YES;
				CLANG_WARN_INFINITE_RECURSION = YES;
				CLANG_WARN_INT_CONVERSION = YES;
				CLANG_WARN_NON_LITERAL_NULL_CONVERSION = YES;
				CLANG_WARN_OBJC_IMPLICIT_RETAIN_SELF = YES;
				CLANG_WARN_OBJC_LITERAL_CONVERSION = YES;
				CLANG_WARN_OBJC_ROOT_CLASS = YES_ERROR;
				CLANG_WARN_QUOTED_INCLUDE_IN_FRAMEWORK_HEADER = YES;
				CLANG_WARN_RANGE_LOOP_ANALYSIS = YES;
				CLANG_WARN_STRICT_PROTOTYPES = YES;
				CLANG_WARN_SUSPICIOUS_MOVE = YES;
				CLANG_WARN_UNGUARDED_AVAILABILITY = YES_AGGRESSIVE;
				CLANG_WARN_UNREACHABLE_CODE = YES;
				CLANG_WARN__DUPLICATE_METHOD_MATCH = YES;
				COPY_PHASE_STRIP = NO;
				DEBUG_INFORMATION_FORMAT = "dwarf-with-dsym";
				ENABLE_NS_ASSERTIONS = NO;
				ENABLE_STRICT_OBJC_MSGSEND = YES;
				GCC_C_LANGUAGE_STANDARD = gnu11;
				GCC_NO_COMMON_BLOCKS = YES;
				GCC_WARN_64_TO_32_BIT_CONVERSION = YES;
				GCC_WARN_ABOUT_RETURN_TYPE = YES_ERROR;
				GCC_WARN_UNDECLARED_SELECTOR = YES;
				GCC_WARN_UNINITIALIZED_AUTOS = YES_AGGRESSIVE;
				GCC_WARN_UNUSED_FUNCTION = YES;
				GCC_WARN_UNUSED_VARIABLE = YES;
				IPHONEOS_DEPLOYMENT_TARGET = 14.2;
				MTL_ENABLE_DEBUG_INFO = NO;
				MTL_FAST_MATH = YES;
				SDKROOT = iphoneos;
				SWIFT_COMPILATION_MODE = wholemodule;
				SWIFT_OPTIMIZATION_LEVEL = "-O";
				VALIDATE_PRODUCT = YES;
			};
			name = Release;
		};
		FAAA6082258694E200EAACF6 /* Debug */ = {
			isa = XCBuildConfiguration;
			buildSettings = {
				ASSETCATALOG_COMPILER_APPICON_NAME = AppIcon;
				ASSETCATALOG_COMPILER_GLOBAL_ACCENT_COLOR_NAME = AccentColor;
				CODE_SIGN_STYLE = Automatic;
				DEVELOPMENT_TEAM = DDQSASC66F;
				INFOPLIST_FILE = ProductDemo/Info.plist;
				LD_RUNPATH_SEARCH_PATHS = (
					"$(inherited)",
					"@executable_path/Frameworks",
				);
				PRODUCT_BUNDLE_IDENTIFIER = justgubanov.ProductDemo;
				PRODUCT_NAME = "$(TARGET_NAME)";
				SWIFT_VERSION = 5.0;
				TARGETED_DEVICE_FAMILY = "1,2";
			};
			name = Debug;
		};
		FAAA6083258694E200EAACF6 /* Release */ = {
			isa = XCBuildConfiguration;
			buildSettings = {
				ASSETCATALOG_COMPILER_APPICON_NAME = AppIcon;
				ASSETCATALOG_COMPILER_GLOBAL_ACCENT_COLOR_NAME = AccentColor;
				CODE_SIGN_STYLE = Automatic;
				DEVELOPMENT_TEAM = DDQSASC66F;
				INFOPLIST_FILE = ProductDemo/Info.plist;
				LD_RUNPATH_SEARCH_PATHS = (
					"$(inherited)",
					"@executable_path/Frameworks",
				);
				PRODUCT_BUNDLE_IDENTIFIER = justgubanov.ProductDemo;
				PRODUCT_NAME = "$(TARGET_NAME)";
				SWIFT_VERSION = 5.0;
				TARGETED_DEVICE_FAMILY = "1,2";
			};
			name = Release;
		};
/* End XCBuildConfiguration section */

/* Begin XCConfigurationList section */
		FAAA6068258694D700EAACF6 /* Build configuration list for PBXProject "ProductDemo" */ = {
			isa = XCConfigurationList;
			buildConfigurations = (
				FAAA607F258694E200EAACF6 /* Debug */,
				FAAA6080258694E200EAACF6 /* Release */,
			);
			defaultConfigurationIsVisible = 0;
			defaultConfigurationName = Release;
		};
		FAAA6081258694E200EAACF6 /* Build configuration list for PBXNativeTarget "ProductDemo" */ = {
			isa = XCConfigurationList;
			buildConfigurations = (
				FAAA6082258694E200EAACF6 /* Debug */,
				FAAA6083258694E200EAACF6 /* Release */,
			);
			defaultConfigurationIsVisible = 0;
			defaultConfigurationName = Release;
		};
/* End XCConfigurationList section */
	};
	rootObject = FAAA6065258694D700EAACF6 /* Project object */;
}
